
Microsoft Visual Studio Solution File, Format Version 12.00
# Visual Studio Version 16
VisualStudioVersion = 16.0.31702.278
MinimumVisualStudioVersion = 10.0.40219.1
Project("{FAE04EC0-301F-11D3-BF4B-00C04F79EFBC}") = "PalindromeChecker", "PalindromeChecker\PalindromeChecker.csproj", "{382EFF97-5158-4788-B014-56DD98FC3B19}"
EndProject
Global
	GlobalSection(SolutionConfigurationPlatforms) = preSolution
		Debug|Any CPU = Debug|Any CPU
		Release|Any CPU = Release|Any CPU
	EndGlobalSection
	GlobalSection(ProjectConfigurationPlatforms) = postSolution
		{382EFF97-5158-4788-B014-56DD98FC3B19}.Debug|Any CPU.ActiveCfg = Debug|Any CPU
		{382EFF97-5158-4788-B014-56DD98FC3B19}.Debug|Any CPU.Build.0 = Debug|Any CPU
		{382EFF97-5158-4788-B014-56DD98FC3B19}.Release|Any CPU.ActiveCfg = Release|Any CPU
		{382EFF97-5158-4788-B014-56DD98FC3B19}.Release|Any CPU.Build.0 = Release|Any CPU
	EndGlobalSection
	GlobalSection(SolutionProperties) = preSolution
		HideSolutionNode = FALSE
	EndGlobalSection
	GlobalSection(ExtensibilityGlobals) = postSolution
		SolutionGuid = {34BDB9FB-C772-4C94-89F8-D032034DFE14}
	EndGlobalSection
EndGlobal
