
Microsoft Visual Studio Solution File, Format Version 12.00
# Visual Studio Version 16
VisualStudioVersion = 16.0.31702.278
MinimumVisualStudioVersion = 10.0.40219.1
Project("{FAE04EC0-301F-11D3-BF4B-00C04F79EFBC}") = "BalancedParenthesis", "BalancedParenthesis\BalancedParenthesis.csproj", "{D1347970-8F83-4544-86BB-CF4739683E0B}"
EndProject
Global
	GlobalSection(SolutionConfigurationPlatforms) = preSolution
		Debug|Any CPU = Debug|Any CPU
		Release|Any CPU = Release|Any CPU
	EndGlobalSection
	GlobalSection(ProjectConfigurationPlatforms) = postSolution
		{D1347970-8F83-4544-86BB-CF4739683E0B}.Debug|Any CPU.ActiveCfg = Debug|Any CPU
		{D1347970-8F83-4544-86BB-CF4739683E0B}.Debug|Any CPU.Build.0 = Debug|Any CPU
		{D1347970-8F83-4544-86BB-CF4739683E0B}.Release|Any CPU.ActiveCfg = Release|Any CPU
		{D1347970-8F83-4544-86BB-CF4739683E0B}.Release|Any CPU.Build.0 = Release|Any CPU
	EndGlobalSection
	GlobalSection(SolutionProperties) = preSolution
		HideSolutionNode = FALSE
	EndGlobalSection
	GlobalSection(ExtensibilityGlobals) = postSolution
		SolutionGuid = {D78483D6-F3A5-4EE8-B6A3-06437A498225}
	EndGlobalSection
EndGlobal
